
Microsoft Visual Studio Solution File, Format Version 12.00
# Visual Studio Version 17
VisualStudioVersion = 17.10.34928.147
MinimumVisualStudioVersion = 10.0.40219.1
Project("{9A19103F-16F7-4668-BE54-9A1E7A4F7556}") = "SuperShop", "SuperShop\SuperShop.csproj", "{9038059C-7E53-4B86-9A20-8A9765AF564F}"
EndProject
Project("{FAE04EC0-301F-11D3-BF4B-00C04F79EFBC}") = "SuperShop.Prism", "SuperShop.Prism\SuperShop.Prism\SuperShop.Prism.csproj", "{01F12096-8A75-484F-BD7A-847E900ED3BE}"
EndProject
Project("{FAE04EC0-301F-11D3-BF4B-00C04F79EFBC}") = "SuperShop.Prism.Android", "SuperShop.Prism\SuperShop.Prism.Android\SuperShop.Prism.Android.csproj", "{A2B02F0D-FF78-44AD-B13C-CCC0A18A1E14}"
EndProject
Project("{FAE04EC0-301F-11D3-BF4B-00C04F79EFBC}") = "SuperShop.Prism.iOS", "SuperShop.Prism\SuperShop.Prism.iOS\SuperShop.Prism.iOS.csproj", "{E8CAED41-60F3-4729-9B9C-3161CBB65481}"
EndProject
Global
	GlobalSection(SolutionConfigurationPlatforms) = preSolution
		Ad-Hoc|Any CPU = Ad-Hoc|Any CPU
		Ad-Hoc|iPhone = Ad-Hoc|iPhone
		Ad-Hoc|iPhoneSimulator = Ad-Hoc|iPhoneSimulator
		AppStore|Any CPU = AppStore|Any CPU
		AppStore|iPhone = AppStore|iPhone
		AppStore|iPhoneSimulator = AppStore|iPhoneSimulator
		Debug|Any CPU = Debug|Any CPU
		Debug|iPhone = Debug|iPhone
		Debug|iPhoneSimulator = Debug|iPhoneSimulator
		Release|Any CPU = Release|Any CPU
		Release|iPhone = Release|iPhone
		Release|iPhoneSimulator = Release|iPhoneSimulator
	EndGlobalSection
	GlobalSection(ProjectConfigurationPlatforms) = postSolution
		{9038059C-7E53-4B86-9A20-8A9765AF564F}.Ad-Hoc|Any CPU.ActiveCfg = Release|Any CPU
		{9038059C-7E53-4B86-9A20-8A9765AF564F}.Ad-Hoc|Any CPU.Build.0 = Release|Any CPU
		{9038059C-7E53-4B86-9A20-8A9765AF564F}.Ad-Hoc|iPhone.ActiveCfg = Release|Any CPU
		{9038059C-7E53-4B86-9A20-8A9765AF564F}.Ad-Hoc|iPhone.Build.0 = Release|Any CPU
		{9038059C-7E53-4B86-9A20-8A9765AF564F}.Ad-Hoc|iPhoneSimulator.ActiveCfg = Release|Any CPU
		{9038059C-7E53-4B86-9A20-8A9765AF564F}.Ad-Hoc|iPhoneSimulator.Build.0 = Release|Any CPU
		{9038059C-7E53-4B86-9A20-8A9765AF564F}.AppStore|Any CPU.ActiveCfg = Release|Any CPU
		{9038059C-7E53-4B86-9A20-8A9765AF564F}.AppStore|Any CPU.Build.0 = Release|Any CPU
		{9038059C-7E53-4B86-9A20-8A9765AF564F}.AppStore|iPhone.ActiveCfg = Release|Any CPU
		{9038059C-7E53-4B86-9A20-8A9765AF564F}.AppStore|iPhone.Build.0 = Release|Any CPU
		{9038059C-7E53-4B86-9A20-8A9765AF564F}.AppStore|iPhoneSimulator.ActiveCfg = Release|Any CPU
		{9038059C-7E53-4B86-9A20-8A9765AF564F}.AppStore|iPhoneSimulator.Build.0 = Release|Any CPU
		{9038059C-7E53-4B86-9A20-8A9765AF564F}.Debug|Any CPU.ActiveCfg = Debug|Any CPU
		{9038059C-7E53-4B86-9A20-8A9765AF564F}.Debug|Any CPU.Build.0 = Debug|Any CPU
		{9038059C-7E53-4B86-9A20-8A9765AF564F}.Debug|iPhone.ActiveCfg = Debug|Any CPU
		{9038059C-7E53-4B86-9A20-8A9765AF564F}.Debug|iPhone.Build.0 = Debug|Any CPU
		{9038059C-7E53-4B86-9A20-8A9765AF564F}.Debug|iPhoneSimulator.ActiveCfg = Debug|Any CPU
		{9038059C-7E53-4B86-9A20-8A9765AF564F}.Debug|iPhoneSimulator.Build.0 = Debug|Any CPU
		{9038059C-7E53-4B86-9A20-8A9765AF564F}.Release|Any CPU.ActiveCfg = Release|Any CPU
		{9038059C-7E53-4B86-9A20-8A9765AF564F}.Release|Any CPU.Build.0 = Release|Any CPU
		{9038059C-7E53-4B86-9A20-8A9765AF564F}.Release|iPhone.ActiveCfg = Release|Any CPU
		{9038059C-7E53-4B86-9A20-8A9765AF564F}.Release|iPhone.Build.0 = Release|Any CPU
		{9038059C-7E53-4B86-9A20-8A9765AF564F}.Release|iPhoneSimulator.ActiveCfg = Release|Any CPU
		{9038059C-7E53-4B86-9A20-8A9765AF564F}.Release|iPhoneSimulator.Build.0 = Release|Any CPU
		{01F12096-8A75-484F-BD7A-847E900ED3BE}.Ad-Hoc|Any CPU.ActiveCfg = Debug|Any CPU
		{01F12096-8A75-484F-BD7A-847E900ED3BE}.Ad-Hoc|Any CPU.Build.0 = Debug|Any CPU
		{01F12096-8A75-484F-BD7A-847E900ED3BE}.Ad-Hoc|iPhone.ActiveCfg = Debug|Any CPU
		{01F12096-8A75-484F-BD7A-847E900ED3BE}.Ad-Hoc|iPhone.Build.0 = Debug|Any CPU
		{01F12096-8A75-484F-BD7A-847E900ED3BE}.Ad-Hoc|iPhoneSimulator.ActiveCfg = Debug|Any CPU
		{01F12096-8A75-484F-BD7A-847E900ED3BE}.Ad-Hoc|iPhoneSimulator.Build.0 = Debug|Any CPU
		{01F12096-8A75-484F-BD7A-847E900ED3BE}.AppStore|Any CPU.ActiveCfg = Debug|Any CPU
		{01F12096-8A75-484F-BD7A-847E900ED3BE}.AppStore|Any CPU.Build.0 = Debug|Any CPU
		{01F12096-8A75-484F-BD7A-847E900ED3BE}.AppStore|iPhone.ActiveCfg = Debug|Any CPU
		{01F12096-8A75-484F-BD7A-847E900ED3BE}.AppStore|iPhone.Build.0 = Debug|Any CPU
		{01F12096-8A75-484F-BD7A-847E900ED3BE}.AppStore|iPhoneSimulator.ActiveCfg = Debug|Any CPU
		{01F12096-8A75-484F-BD7A-847E900ED3BE}.AppStore|iPhoneSimulator.Build.0 = Debug|Any CPU
		{01F12096-8A75-484F-BD7A-847E900ED3BE}.Debug|Any CPU.ActiveCfg = Debug|Any CPU
		{01F12096-8A75-484F-BD7A-847E900ED3BE}.Debug|Any CPU.Build.0 = Debug|Any CPU
		{01F12096-8A75-484F-BD7A-847E900ED3BE}.Debug|iPhone.ActiveCfg = Debug|Any CPU
		{01F12096-8A75-484F-BD7A-847E900ED3BE}.Debug|iPhone.Build.0 = Debug|Any CPU
		{01F12096-8A75-484F-BD7A-847E900ED3BE}.Debug|iPhoneSimulator.ActiveCfg = Debug|Any CPU
		{01F12096-8A75-484F-BD7A-847E900ED3BE}.Debug|iPhoneSimulator.Build.0 = Debug|Any CPU
		{01F12096-8A75-484F-BD7A-847E900ED3BE}.Release|Any CPU.ActiveCfg = Release|Any CPU
		{01F12096-8A75-484F-BD7A-847E900ED3BE}.Release|Any CPU.Build.0 = Release|Any CPU
		{01F12096-8A75-484F-BD7A-847E900ED3BE}.Release|iPhone.ActiveCfg = Release|Any CPU
		{01F12096-8A75-484F-BD7A-847E900ED3BE}.Release|iPhone.Build.0 = Release|Any CPU
		{01F12096-8A75-484F-BD7A-847E900ED3BE}.Release|iPhoneSimulator.ActiveCfg = Release|Any CPU
		{01F12096-8A75-484F-BD7A-847E900ED3BE}.Release|iPhoneSimulator.Build.0 = Release|Any CPU
		{A2B02F0D-FF78-44AD-B13C-CCC0A18A1E14}.Ad-Hoc|Any CPU.ActiveCfg = Debug|Any CPU
		{A2B02F0D-FF78-44AD-B13C-CCC0A18A1E14}.Ad-Hoc|Any CPU.Build.0 = Debug|Any CPU
		{A2B02F0D-FF78-44AD-B13C-CCC0A18A1E14}.Ad-Hoc|Any CPU.Deploy.0 = Debug|Any CPU
		{A2B02F0D-FF78-44AD-B13C-CCC0A18A1E14}.Ad-Hoc|iPhone.ActiveCfg = Debug|Any CPU
		{A2B02F0D-FF78-44AD-B13C-CCC0A18A1E14}.Ad-Hoc|iPhone.Build.0 = Debug|Any CPU
		{A2B02F0D-FF78-44AD-B13C-CCC0A18A1E14}.Ad-Hoc|iPhone.Deploy.0 = Debug|Any CPU
		{A2B02F0D-FF78-44AD-B13C-CCC0A18A1E14}.Ad-Hoc|iPhoneSimulator.ActiveCfg = Debug|Any CPU
		{A2B02F0D-FF78-44AD-B13C-CCC0A18A1E14}.Ad-Hoc|iPhoneSimulator.Build.0 = Debug|Any CPU
		{A2B02F0D-FF78-44AD-B13C-CCC0A18A1E14}.Ad-Hoc|iPhoneSimulator.Deploy.0 = Debug|Any CPU
		{A2B02F0D-FF78-44AD-B13C-CCC0A18A1E14}.AppStore|Any CPU.ActiveCfg = Debug|Any CPU
		{A2B02F0D-FF78-44AD-B13C-CCC0A18A1E14}.AppStore|Any CPU.Build.0 = Debug|Any CPU
		{A2B02F0D-FF78-44AD-B13C-CCC0A18A1E14}.AppStore|Any CPU.Deploy.0 = Debug|Any CPU
		{A2B02F0D-FF78-44AD-B13C-CCC0A18A1E14}.AppStore|iPhone.ActiveCfg = Debug|Any CPU
		{A2B02F0D-FF78-44AD-B13C-CCC0A18A1E14}.AppStore|iPhone.Build.0 = Debug|Any CPU
		{A2B02F0D-FF78-44AD-B13C-CCC0A18A1E14}.AppStore|iPhone.Deploy.0 = Debug|Any CPU
		{A2B02F0D-FF78-44AD-B13C-CCC0A18A1E14}.AppStore|iPhoneSimulator.ActiveCfg = Debug|Any CPU
		{A2B02F0D-FF78-44AD-B13C-CCC0A18A1E14}.AppStore|iPhoneSimulator.Build.0 = Debug|Any CPU
		{A2B02F0D-FF78-44AD-B13C-CCC0A18A1E14}.AppStore|iPhoneSimulator.Deploy.0 = Debug|Any CPU
		{A2B02F0D-FF78-44AD-B13C-CCC0A18A1E14}.Debug|Any CPU.ActiveCfg = Debug|Any CPU
		{A2B02F0D-FF78-44AD-B13C-CCC0A18A1E14}.Debug|Any CPU.Build.0 = Debug|Any CPU
		{A2B02F0D-FF78-44AD-B13C-CCC0A18A1E14}.Debug|Any CPU.Deploy.0 = Debug|Any CPU
		{A2B02F0D-FF78-44AD-B13C-CCC0A18A1E14}.Debug|iPhone.ActiveCfg = Debug|Any CPU
		{A2B02F0D-FF78-44AD-B13C-CCC0A18A1E14}.Debug|iPhone.Build.0 = Debug|Any CPU
		{A2B02F0D-FF78-44AD-B13C-CCC0A18A1E14}.Debug|iPhone.Deploy.0 = Debug|Any CPU
		{A2B02F0D-FF78-44AD-B13C-CCC0A18A1E14}.Debug|iPhoneSimulator.ActiveCfg = Debug|Any CPU
		{A2B02F0D-FF78-44AD-B13C-CCC0A18A1E14}.Debug|iPhoneSimulator.Build.0 = Debug|Any CPU
		{A2B02F0D-FF78-44AD-B13C-CCC0A18A1E14}.Debug|iPhoneSimulator.Deploy.0 = Debug|Any CPU
		{A2B02F0D-FF78-44AD-B13C-CCC0A18A1E14}.Release|Any CPU.ActiveCfg = Release|Any CPU
		{A2B02F0D-FF78-44AD-B13C-CCC0A18A1E14}.Release|Any CPU.Build.0 = Release|Any CPU
		{A2B02F0D-FF78-44AD-B13C-CCC0A18A1E14}.Release|Any CPU.Deploy.0 = Release|Any CPU
		{A2B02F0D-FF78-44AD-B13C-CCC0A18A1E14}.Release|iPhone.ActiveCfg = Release|Any CPU
		{A2B02F0D-FF78-44AD-B13C-CCC0A18A1E14}.Release|iPhone.Build.0 = Release|Any CPU
		{A2B02F0D-FF78-44AD-B13C-CCC0A18A1E14}.Release|iPhone.Deploy.0 = Release|Any CPU
		{A2B02F0D-FF78-44AD-B13C-CCC0A18A1E14}.Release|iPhoneSimulator.ActiveCfg = Release|Any CPU
		{A2B02F0D-FF78-44AD-B13C-CCC0A18A1E14}.Release|iPhoneSimulator.Build.0 = Release|Any CPU
		{A2B02F0D-FF78-44AD-B13C-CCC0A18A1E14}.Release|iPhoneSimulator.Deploy.0 = Release|Any CPU
		{E8CAED41-60F3-4729-9B9C-3161CBB65481}.Ad-Hoc|Any CPU.ActiveCfg = Ad-Hoc|iPhoneSimulator
		{E8CAED41-60F3-4729-9B9C-3161CBB65481}.Ad-Hoc|Any CPU.Build.0 = Ad-Hoc|iPhoneSimulator
		{E8CAED41-60F3-4729-9B9C-3161CBB65481}.Ad-Hoc|iPhone.ActiveCfg = Ad-Hoc|iPhone
		{E8CAED41-60F3-4729-9B9C-3161CBB65481}.Ad-Hoc|iPhone.Build.0 = Ad-Hoc|iPhone
		{E8CAED41-60F3-4729-9B9C-3161CBB65481}.Ad-Hoc|iPhoneSimulator.ActiveCfg = Ad-Hoc|iPhoneSimulator
		{E8CAED41-60F3-4729-9B9C-3161CBB65481}.Ad-Hoc|iPhoneSimulator.Build.0 = Ad-Hoc|iPhoneSimulator
		{E8CAED41-60F3-4729-9B9C-3161CBB65481}.AppStore|Any CPU.ActiveCfg = AppStore|iPhoneSimulator
		{E8CAED41-60F3-4729-9B9C-3161CBB65481}.AppStore|Any CPU.Build.0 = AppStore|iPhoneSimulator
		{E8CAED41-60F3-4729-9B9C-3161CBB65481}.AppStore|iPhone.ActiveCfg = AppStore|iPhone
		{E8CAED41-60F3-4729-9B9C-3161CBB65481}.AppStore|iPhone.Build.0 = AppStore|iPhone
		{E8CAED41-60F3-4729-9B9C-3161CBB65481}.AppStore|iPhoneSimulator.ActiveCfg = AppStore|iPhoneSimulator
		{E8CAED41-60F3-4729-9B9C-3161CBB65481}.AppStore|iPhoneSimulator.Build.0 = AppStore|iPhoneSimulator
		{E8CAED41-60F3-4729-9B9C-3161CBB65481}.Debug|Any CPU.ActiveCfg = Debug|iPhoneSimulator
		{E8CAED41-60F3-4729-9B9C-3161CBB65481}.Debug|Any CPU.Build.0 = Debug|iPhoneSimulator
		{E8CAED41-60F3-4729-9B9C-3161CBB65481}.Debug|iPhone.ActiveCfg = Debug|iPhone
		{E8CAED41-60F3-4729-9B9C-3161CBB65481}.Debug|iPhone.Build.0 = Debug|iPhone
		{E8CAED41-60F3-4729-9B9C-3161CBB65481}.Debug|iPhoneSimulator.ActiveCfg = Debug|iPhoneSimulator
		{E8CAED41-60F3-4729-9B9C-3161CBB65481}.Debug|iPhoneSimulator.Build.0 = Debug|iPhoneSimulator
		{E8CAED41-60F3-4729-9B9C-3161CBB65481}.Release|Any CPU.ActiveCfg = Release|iPhoneSimulator
		{E8CAED41-60F3-4729-9B9C-3161CBB65481}.Release|Any CPU.Build.0 = Release|iPhoneSimulator
		{E8CAED41-60F3-4729-9B9C-3161CBB65481}.Release|iPhone.ActiveCfg = Release|iPhone
		{E8CAED41-60F3-4729-9B9C-3161CBB65481}.Release|iPhone.Build.0 = Release|iPhone
		{E8CAED41-60F3-4729-9B9C-3161CBB65481}.Release|iPhoneSimulator.ActiveCfg = Release|iPhoneSimulator
		{E8CAED41-60F3-4729-9B9C-3161CBB65481}.Release|iPhoneSimulator.Build.0 = Release|iPhoneSimulator
	EndGlobalSection
	GlobalSection(SolutionProperties) = preSolution
		HideSolutionNode = FALSE
	EndGlobalSection
	GlobalSection(ExtensibilityGlobals) = postSolution
		SolutionGuid = {C54C8F0E-7700-4276-B835-F88A1756FB34}
	EndGlobalSection
EndGlobal
